
Microsoft Visual Studio Solution File, Format Version 12.00
# Visual Studio Version 17
VisualStudioVersion = 17.0.32014.148
MinimumVisualStudioVersion = 10.0.40219.1
Project("{FAE04EC0-301F-11D3-BF4B-00C04F79EFBC}") = "Home2", "Home2\Home2.csproj", "{84289D86-54CD-4C8C-9EA8-56509E63DB10}"
EndProject
Global
	GlobalSection(SolutionConfigurationPlatforms) = preSolution
		Debug|Any CPU = Debug|Any CPU
		Release|Any CPU = Release|Any CPU
	EndGlobalSection
	GlobalSection(ProjectConfigurationPlatforms) = postSolution
		{84289D86-54CD-4C8C-9EA8-56509E63DB10}.Debug|Any CPU.ActiveCfg = Debug|Any CPU
		{84289D86-54CD-4C8C-9EA8-56509E63DB10}.Debug|Any CPU.Build.0 = Debug|Any CPU
		{84289D86-54CD-4C8C-9EA8-56509E63DB10}.Release|Any CPU.ActiveCfg = Release|Any CPU
		{84289D86-54CD-4C8C-9EA8-56509E63DB10}.Release|Any CPU.Build.0 = Release|Any CPU
	EndGlobalSection
	GlobalSection(SolutionProperties) = preSolution
		HideSolutionNode = FALSE
	EndGlobalSection
	GlobalSection(ExtensibilityGlobals) = postSolution
		SolutionGuid = {A397E86D-9A41-4D98-AB67-1E2B556248A2}
	EndGlobalSection
EndGlobal
